
Microsoft Visual Studio Solution File, Format Version 12.00
# Visual Studio Version 17
VisualStudioVersion = 17.7.34031.279
MinimumVisualStudioVersion = 10.0.40219.1
Project("{FAE04EC0-301F-11D3-BF4B-00C04F79EFBC}") = "MVVM Boilerplate", "MVVM Boilerplate\MVVM Boilerplate.csproj", "{E5D985BA-4E92-49FB-BCD3-58CF31DF9552}"
EndProject
Global
	GlobalSection(SolutionConfigurationPlatforms) = preSolution
		Debug|Any CPU = Debug|Any CPU
		Release|Any CPU = Release|Any CPU
	EndGlobalSection
	GlobalSection(ProjectConfigurationPlatforms) = postSolution
		{E5D985BA-4E92-49FB-BCD3-58CF31DF9552}.Debug|Any CPU.ActiveCfg = Debug|Any CPU
		{E5D985BA-4E92-49FB-BCD3-58CF31DF9552}.Debug|Any CPU.Build.0 = Debug|Any CPU
		{E5D985BA-4E92-49FB-BCD3-58CF31DF9552}.Release|Any CPU.ActiveCfg = Release|Any CPU
		{E5D985BA-4E92-49FB-BCD3-58CF31DF9552}.Release|Any CPU.Build.0 = Release|Any CPU
	EndGlobalSection
	GlobalSection(SolutionProperties) = preSolution
		HideSolutionNode = FALSE
	EndGlobalSection
	GlobalSection(ExtensibilityGlobals) = postSolution
		SolutionGuid = {986E970C-0B89-4480-884D-A6AB88D324B7}
	EndGlobalSection
EndGlobal
